dependencies:
  idf:
    source:
      type: idf
    version: 5.3.2
  it8951-esp32:
    component_hash: 3e318adead4aee7ea7c08f931d11417adaf088f57769cfae5642869f02533731
    dependencies:
    - name: idf
      version: '>=5.0'
    source:
      git: https://github.com/pvginkel/it8951-esp32.git
      path: .
      type: git
    version: 789452789a7ede5daa1d8f05bdcadc620f8f62c9
  lvgl/lvgl:
    component_hash: 096c69af22eaf8a2b721e3913da91918c5e6bf1a762a113ec01f401aa61337a0
    dependencies: []
    source:
      registry_url: https://components.espressif.com/
      type: service
    version: 9.2.2
direct_dependencies:
- idf
- it8951-esp32
- lvgl/lvgl
manifest_hash: f2711299730ee150e0eb23d2ba233358fa3f862ab66f1295bc0ee5d631b601c3
target: esp32s3
version: 2.0.0
